
Microsoft Visual Studio Solution File, Format Version 12.00
# Visual Studio Version 17
VisualStudioVersion = 17.6.33815.320
MinimumVisualStudioVersion = 10.0.40219.1
EndProject
Global
	GlobalSection(SolutionConfigurationPlatforms) = preSolution
		Debug|Any CPU = Debug|Any CPU
		Release|Any CPU = Release|Any CPU
	EndGlobalSection
	GlobalSection(ProjectConfigurationPlatforms) = postSolution
		{56017C0D-E49F-4CB0-9517-6AE8AF4E7745}.Debug|Any CPU.ActiveCfg = Debug|Any CPU
		{56017C0D-E49F-4CB0-9517-6AE8AF4E7745}.Debug|Any CPU.Build.0 = Debug|Any CPU
		{56017C0D-E49F-4CB0-9517-6AE8AF4E7745}.Release|Any CPU.ActiveCfg = Release|Any CPU
		{56017C0D-E49F-4CB0-9517-6AE8AF4E7745}.Release|Any CPU.Build.0 = Release|Any CPU
	EndGlobalSection
	GlobalSection(SolutionProperties) = preSolution
		HideSolutionNode = FALSE
	EndGlobalSection
	GlobalSection(ExtensibilityGlobals) = postSolution
		SolutionGuid = {89BE5ECC-E2D7-4E0F-8392-C2A247DB4692}
	EndGlobalSection
EndGlobal
